
Microsoft Visual Studio Solution File, Format Version 12.00
# Visual Studio Version 17
VisualStudioVersion = 17.5.33516.290
MinimumVisualStudioVersion = 10.0.40219.1
Project("{FAE04EC0-301F-11D3-BF4B-00C04F79EFBC}") = "WEB", "WEB\WEB.csproj", "{5BFE228A-888B-4981-9148-D13F12980741}"
EndProject
Global
	GlobalSection(SolutionConfigurationPlatforms) = preSolution
		Debug|Any CPU = Debug|Any CPU
		Release|Any CPU = Release|Any CPU
	EndGlobalSection
	GlobalSection(ProjectConfigurationPlatforms) = postSolution
		{5BFE228A-888B-4981-9148-D13F12980741}.Debug|Any CPU.ActiveCfg = Debug|Any CPU
		{5BFE228A-888B-4981-9148-D13F12980741}.Debug|Any CPU.Build.0 = Debug|Any CPU
		{5BFE228A-888B-4981-9148-D13F12980741}.Release|Any CPU.ActiveCfg = Release|Any CPU
		{5BFE228A-888B-4981-9148-D13F12980741}.Release|Any CPU.Build.0 = Release|Any CPU
	EndGlobalSection
	GlobalSection(SolutionProperties) = preSolution
		HideSolutionNode = FALSE
	EndGlobalSection
	GlobalSection(ExtensibilityGlobals) = postSolution
		SolutionGuid = {63167B9A-B5C0-48FF-893E-0C1868BFEC3C}
	EndGlobalSection
EndGlobal
